{
  "name": "playwright1",
  "version": "1.0.0",
  "lockfileVersion": 2,
  "requires": true,
  "packages": {
    "": {
      "name": "playwright1",
      "version": "1.0.0",
      "license": "ISC",
      "dependencies": {
        "@axe-core/playwright": "^4.6.0",
        "gremlins.js": "^2.2.0",
        "playwright": "^1.35.1"
      },
      "devDependencies": {
        "@playwright/test": "^1.35.1"
      }
    },
    "node_modules/@axe-core/playwright": {
      "version": "4.6.0",
      "resolved": "https://registry.npmjs.org/@axe-core/playwright/-/playwright-4.6.0.tgz",
      "integrity": "sha512-q9K4GVJ1fH8FQqErgs01dwzhOJ03vZDfMg+vO9Er05BxQOCp9Rm8oyB3byVzC7oNlxFaPU1qQ8zLwZYypHmchw==",
      "dependencies": {
        "axe-core": "^4.6.1"
      },
      "peerDependencies": {
        "playwright": ">= 1.0.0"
      }
    },
    "node_modules/@playwright/test": {
      "version": "1.35.1",
      "resolved": "https://registry.npmjs.org/@playwright/test/-/test-1.35.1.tgz",
      "integrity": "sha512-b5YoFe6J9exsMYg0pQAobNDR85T1nLumUYgUTtKm4d21iX2L7WqKq9dW8NGJ+2vX0etZd+Y7UeuqsxDXm9+5ZA==",
      "dev": true,
      "dependencies": {
        "@types/node": "*",
        "playwright-core": "1.35.1"
      },
      "bin": {
        "playwright": "cli.js"
      },
      "engines": {
        "node": ">=16"
      },
      "optionalDependencies": {
        "fsevents": "2.3.2"
      }
    },
    "node_modules/@types/node": {
      "version": "18.13.0",
      "resolved": "https://registry.npmjs.org/@types/node/-/node-18.13.0.tgz",
      "integrity": "sha512-gC3TazRzGoOnoKAhUx+Q0t8S9Tzs74z7m0ipwGpSqQrleP14hKxP4/JUeEQcD3W1/aIpnWl8pHowI7WokuZpXg==",
      "dev": true
    },
    "node_modules/axe-core": {
      "version": "4.6.3",
      "resolved": "https://registry.npmjs.org/axe-core/-/axe-core-4.6.3.tgz",
      "integrity": "sha512-/BQzOX780JhsxDnPpH4ZiyrJAzcd8AfzFPkv+89veFSr1rcMjuq2JDCwypKaPeB6ljHp9KjXhPpjgCvQlWYuqg==",
      "engines": {
        "node": ">=4"
      }
    },
    "node_modules/chance": {
      "version": "1.1.11",
      "resolved": "https://registry.npmjs.org/chance/-/chance-1.1.11.tgz",
      "integrity": "sha512-kqTg3WWywappJPqtgrdvbA380VoXO2eu9VCV895JgbyHsaErXdyHK9LOZ911OvAk6L0obK7kDk9CGs8+oBawVA=="
    },
    "node_modules/core-js": {
      "version": "3.30.1",
      "resolved": "https://registry.npmjs.org/core-js/-/core-js-3.30.1.tgz",
      "integrity": "sha512-ZNS5nbiSwDTq4hFosEDqm65izl2CWmLz0hARJMyNQBgkUZMIF51cQiMvIQKA6hvuaeWxQDP3hEedM1JZIgTldQ==",
      "hasInstallScript": true,
      "funding": {
        "type": "opencollective",
        "url": "https://opencollective.com/core-js"
      }
    },
    "node_modules/fsevents": {
      "version": "2.3.2",
      "resolved": "https://registry.npmjs.org/fsevents/-/fsevents-2.3.2.tgz",
      "integrity": "sha512-xiqMQR4xAeHTuB9uWm+fFRcIOgKBMiOBP+eXiyT7jsgVCq1bkVygt00oASowB7EdtpOHaaPgKt812P9ab+DDKA==",
      "dev": true,
      "hasInstallScript": true,
      "optional": true,
      "os": [
        "darwin"
      ],
      "engines": {
        "node": "^8.16.0 || ^10.6.0 || >=11.0.0"
      }
    },
    "node_modules/gremlins.js": {
      "version": "2.2.0",
      "resolved": "https://registry.npmjs.org/gremlins.js/-/gremlins.js-2.2.0.tgz",
      "integrity": "sha512-zVe4+WuCwTheg1OzBOdtiy7nZj52lWyWjCPMw/78wI1uAJdGlc97hVGYsZg0v75Hm+E91y5D+yG4U0lk7j/6xg==",
      "dependencies": {
        "chance": "^1.1.4",
        "core-js": "^3.6.4"
      }
    },
    "node_modules/playwright": {
      "version": "1.35.1",
      "resolved": "https://registry.npmjs.org/playwright/-/playwright-1.35.1.tgz",
      "integrity": "sha512-NbwBeGJLu5m7VGM0+xtlmLAH9VUfWwYOhUi/lSEDyGg46r1CA9RWlvoc5yywxR9AzQb0mOCm7bWtOXV7/w43ZA==",
      "hasInstallScript": true,
      "dependencies": {
        "playwright-core": "1.35.1"
      },
      "bin": {
        "playwright": "cli.js"
      },
      "engines": {
        "node": ">=16"
      }
    },
    "node_modules/playwright-core": {
      "version": "1.35.1",
      "resolved": "https://registry.npmjs.org/playwright-core/-/playwright-core-1.35.1.tgz",
      "integrity": "sha512-pNXb6CQ7OqmGDRspEjlxE49w+4YtR6a3X6mT1hZXeJHWmsEz7SunmvZeiG/+y1yyMZdHnnn73WKYdtV1er0Xyg==",
      "bin": {
        "playwright-core": "cli.js"
      },
      "engines": {
        "node": ">=16"
      }
    }
  },
  "dependencies": {
    "@axe-core/playwright": {
      "version": "4.6.0",
      "resolved": "https://registry.npmjs.org/@axe-core/playwright/-/playwright-4.6.0.tgz",
      "integrity": "sha512-q9K4GVJ1fH8FQqErgs01dwzhOJ03vZDfMg+vO9Er05BxQOCp9Rm8oyB3byVzC7oNlxFaPU1qQ8zLwZYypHmchw==",
      "requires": {
        "axe-core": "^4.6.1"
      }
    },
    "@playwright/test": {
      "version": "1.35.1",
      "resolved": "https://registry.npmjs.org/@playwright/test/-/test-1.35.1.tgz",
      "integrity": "sha512-b5YoFe6J9exsMYg0pQAobNDR85T1nLumUYgUTtKm4d21iX2L7WqKq9dW8NGJ+2vX0etZd+Y7UeuqsxDXm9+5ZA==",
      "dev": true,
      "requires": {
        "@types/node": "*",
        "fsevents": "2.3.2",
        "playwright-core": "1.35.1"
      }
    },
    "@types/node": {
      "version": "18.13.0",
      "resolved": "https://registry.npmjs.org/@types/node/-/node-18.13.0.tgz",
      "integrity": "sha512-gC3TazRzGoOnoKAhUx+Q0t8S9Tzs74z7m0ipwGpSqQrleP14hKxP4/JUeEQcD3W1/aIpnWl8pHowI7WokuZpXg==",
      "dev": true
    },
    "axe-core": {
      "version": "4.6.3",
      "resolved": "https://registry.npmjs.org/axe-core/-/axe-core-4.6.3.tgz",
      "integrity": "sha512-/BQzOX780JhsxDnPpH4ZiyrJAzcd8AfzFPkv+89veFSr1rcMjuq2JDCwypKaPeB6ljHp9KjXhPpjgCvQlWYuqg=="
    },
    "chance": {
      "version": "1.1.11",
      "resolved": "https://registry.npmjs.org/chance/-/chance-1.1.11.tgz",
      "integrity": "sha512-kqTg3WWywappJPqtgrdvbA380VoXO2eu9VCV895JgbyHsaErXdyHK9LOZ911OvAk6L0obK7kDk9CGs8+oBawVA=="
    },
    "core-js": {
      "version": "3.30.1",
      "resolved": "https://registry.npmjs.org/core-js/-/core-js-3.30.1.tgz",
      "integrity": "sha512-ZNS5nbiSwDTq4hFosEDqm65izl2CWmLz0hARJMyNQBgkUZMIF51cQiMvIQKA6hvuaeWxQDP3hEedM1JZIgTldQ=="
    },
    "fsevents": {
      "version": "2.3.2",
      "resolved": "https://registry.npmjs.org/fsevents/-/fsevents-2.3.2.tgz",
      "integrity": "sha512-xiqMQR4xAeHTuB9uWm+fFRcIOgKBMiOBP+eXiyT7jsgVCq1bkVygt00oASowB7EdtpOHaaPgKt812P9ab+DDKA==",
      "dev": true,
      "optional": true
    },
    "gremlins.js": {
      "version": "2.2.0",
      "resolved": "https://registry.npmjs.org/gremlins.js/-/gremlins.js-2.2.0.tgz",
      "integrity": "sha512-zVe4+WuCwTheg1OzBOdtiy7nZj52lWyWjCPMw/78wI1uAJdGlc97hVGYsZg0v75Hm+E91y5D+yG4U0lk7j/6xg==",
      "requires": {
        "chance": "^1.1.4",
        "core-js": "^3.6.4"
      }
    },
    "playwright": {
      "version": "1.35.1",
      "resolved": "https://registry.npmjs.org/playwright/-/playwright-1.35.1.tgz",
      "integrity": "sha512-NbwBeGJLu5m7VGM0+xtlmLAH9VUfWwYOhUi/lSEDyGg46r1CA9RWlvoc5yywxR9AzQb0mOCm7bWtOXV7/w43ZA==",
      "requires": {
        "playwright-core": "1.35.1"
      }
    },
    "playwright-core": {
      "version": "1.35.1",
      "resolved": "https://registry.npmjs.org/playwright-core/-/playwright-core-1.35.1.tgz",
      "integrity": "sha512-pNXb6CQ7OqmGDRspEjlxE49w+4YtR6a3X6mT1hZXeJHWmsEz7SunmvZeiG/+y1yyMZdHnnn73WKYdtV1er0Xyg=="
    }
  }
}
